
Microsoft Visual Studio Solution File, Format Version 12.00
# Visual Studio Version 17
VisualStudioVersion = 17.1.32421.90
MinimumVisualStudioVersion = 10.0.40219.1
Project("{FAE04EC0-301F-11D3-BF4B-00C04F79EFBC}") = "PurpleTask", "PurpleTask\PurpleTask.csproj", "{AF99709B-9A2F-456E-87A4-3239ECA323FE}"
EndProject
Global
	GlobalSection(SolutionConfigurationPlatforms) = preSolution
		Debug|Any CPU = Debug|Any CPU
		Release|Any CPU = Release|Any CPU
	EndGlobalSection
	GlobalSection(ProjectConfigurationPlatforms) = postSolution
		{AF99709B-9A2F-456E-87A4-3239ECA323FE}.Debug|Any CPU.ActiveCfg = Debug|Any CPU
		{AF99709B-9A2F-456E-87A4-3239ECA323FE}.Debug|Any CPU.Build.0 = Debug|Any CPU
		{AF99709B-9A2F-456E-87A4-3239ECA323FE}.Release|Any CPU.ActiveCfg = Release|Any CPU
		{AF99709B-9A2F-456E-87A4-3239ECA323FE}.Release|Any CPU.Build.0 = Release|Any CPU
	EndGlobalSection
	GlobalSection(SolutionProperties) = preSolution
		HideSolutionNode = FALSE
	EndGlobalSection
	GlobalSection(ExtensibilityGlobals) = postSolution
		SolutionGuid = {3E918CDA-5D42-4C53-A0EA-2953B40E7C7B}
	EndGlobalSection
EndGlobal
